
Microsoft Visual Studio Solution File, Format Version 12.00
# Visual Studio 15
VisualStudioVersion = 15.0.28307.572
MinimumVisualStudioVersion = 10.0.40219.1
Project("{FAE04EC0-301F-11D3-BF4B-00C04F79EFBC}") = "Assignment", "Assignment\Assignment.csproj", "{E13552BC-69FD-4AE9-9E9D-F4AC171892D7}"
EndProject
Global
	GlobalSection(SolutionConfigurationPlatforms) = preSolution
		Debug|Any CPU = Debug|Any CPU
		Release|Any CPU = Release|Any CPU
	EndGlobalSection
	GlobalSection(ProjectConfigurationPlatforms) = postSolution
		{E13552BC-69FD-4AE9-9E9D-F4AC171892D7}.Debug|Any CPU.ActiveCfg = Debug|Any CPU
		{E13552BC-69FD-4AE9-9E9D-F4AC171892D7}.Debug|Any CPU.Build.0 = Debug|Any CPU
		{E13552BC-69FD-4AE9-9E9D-F4AC171892D7}.Release|Any CPU.ActiveCfg = Release|Any CPU
		{E13552BC-69FD-4AE9-9E9D-F4AC171892D7}.Release|Any CPU.Build.0 = Release|Any CPU
	EndGlobalSection
	GlobalSection(SolutionProperties) = preSolution
		HideSolutionNode = FALSE
	EndGlobalSection
	GlobalSection(ExtensibilityGlobals) = postSolution
		SolutionGuid = {0599404A-6A58-4990-B191-ACDB73077D01}
	EndGlobalSection
EndGlobal
